// !$*UTF8*$!
{
	archiveVersion = 1;
	classes = {
	};
	objectVersion = 51;
	objects = {

/* Begin PBXBuildFile section */
		D308754F262A98D8007D13B6 /* WHCourseViewController.m in Sources */ = {isa = PBXBuildFile; fileRef = D308754E262A98D8007D13B6 /* WHCourseViewController.m */; };
		D35E282D2612A94A006E6455 /* AppDelegate.m in Sources */ = {isa = PBXBuildFile; fileRef = D35E282C2612A94A006E6455 /* AppDelegate.m */; };
		D35E28382612A94C006E6455 /* Assets.xcassets in Resources */ = {isa = PBXBuildFile; fileRef = D35E28372612A94C006E6455 /* Assets.xcassets */; };
		D35E283E2612A94C006E6455 /* main.m in Sources */ = {isa = PBXBuildFile; fileRef = D35E283D2612A94C006E6455 /* main.m */; };
		D38FFCCB26161420004DCA90 /* LaunchScreen.storyboard in Resources */ = {isa = PBXBuildFile; fileRef = D38FFCCA26161420004DCA90 /* LaunchScreen.storyboard */; };
		D38FFCD2261617F7004DCA90 /* WHTabBarController.m in Sources */ = {isa = PBXBuildFile; fileRef = D38FFCD1261617F7004DCA90 /* WHTabBarController.m */; };
		D38FFCDA26162F16004DCA90 /* WHNavigationController.m in Sources */ = {isa = PBXBuildFile; fileRef = D38FFCD926162F16004DCA90 /* WHNavigationController.m */; };
		D38FFCE32616307F004DCA90 /* WHHomeViewController.m in Sources */ = {isa = PBXBuildFile; fileRef = D38FFCE22616307F004DCA90 /* WHHomeViewController.m */; };
		D38FFCEC2616C347004DCA90 /* WHMoreGuideSectionViewController.m in Sources */ = {isa = PBXBuildFile; fileRef = D38FFCEB2616C347004DCA90 /* WHMoreGuideSectionViewController.m */; };
		D38FFCF22616C79C004DCA90 /* WHHomeViewModel.m in Sources */ = {isa = PBXBuildFile; fileRef = D38FFCF12616C79C004DCA90 /* WHHomeViewModel.m */; };
		D38FFCF62616C970004DCA90 /* WHMoreGuideViewModel.m in Sources */ = {isa = PBXBuildFile; fileRef = D38FFCF52616C970004DCA90 /* WHMoreGuideViewModel.m */; };
		D38FFCFE2616CE78004DCA90 /* WHMoreGuideCell.m in Sources */ = {isa = PBXBuildFile; fileRef = D38FFCFD2616CE78004DCA90 /* WHMoreGuideCell.m */; };
		D38FFD032616EDEB004DCA90 /* WHCVTestViewController.m in Sources */ = {isa = PBXBuildFile; fileRef = D38FFD022616EDEB004DCA90 /* WHCVTestViewController.m */; };
		D38FFD0C261713C6004DCA90 /* WHSquarePreviewView.m in Sources */ = {isa = PBXBuildFile; fileRef = D38FFD0B261713C6004DCA90 /* WHSquarePreviewView.m */; };
		D38FFD122617219E004DCA90 /* WHLongItemButton.m in Sources */ = {isa = PBXBuildFile; fileRef = D38FFD112617219E004DCA90 /* WHLongItemButton.m */; };
		D3C69C01261C6E50007AFA3E /* WHImageProcess.mm in Sources */ = {isa = PBXBuildFile; fileRef = D3C69C00261C6E50007AFA3E /* WHImageProcess.mm */; };
		D3D180A926230503008BF57D /* WHSearchSectionViewController.m in Sources */ = {isa = PBXBuildFile; fileRef = D3D180A826230503008BF57D /* WHSearchSectionViewController.m */; };
		D3D180AD26230566008BF57D /* WHSearchViewModel.m in Sources */ = {isa = PBXBuildFile; fileRef = D3D180AC26230566008BF57D /* WHSearchViewModel.m */; };
		D3D180B12623073B008BF57D /* WHSearchCell.m in Sources */ = {isa = PBXBuildFile; fileRef = D3D180B02623073B008BF57D /* WHSearchCell.m */; };
		D3D180B5262323E7008BF57D /* WHDashBoardVIewModel.m in Sources */ = {isa = PBXBuildFile; fileRef = D3D180B4262323E7008BF57D /* WHDashBoardVIewModel.m */; };
		D3D180B9262325BC008BF57D /* WHDashBoardSectionViewController.m in Sources */ = {isa = PBXBuildFile; fileRef = D3D180B8262325BC008BF57D /* WHDashBoardSectionViewController.m */; };
		D3D180BD262325F7008BF57D /* WHDashBoardCell.m in Sources */ = {isa = PBXBuildFile; fileRef = D3D180BC262325F7008BF57D /* WHDashBoardCell.m */; };
		D3D8613C26266B5B00B00CF9 /* WHRecommendBar.m in Sources */ = {isa = PBXBuildFile; fileRef = D3D8613B26266B5B00B00CF9 /* WHRecommendBar.m */; };
		D3D861402626704C00B00CF9 /* WHRecommendViewModel.m in Sources */ = {isa = PBXBuildFile; fileRef = D3D8613F2626704C00B00CF9 /* WHRecommendViewModel.m */; };
		D3D86144262671A900B00CF9 /* WHRecommendSectionViewController.m in Sources */ = {isa = PBXBuildFile; fileRef = D3D86143262671A900B00CF9 /* WHRecommendSectionViewController.m */; };
		D3D861482626725100B00CF9 /* WHRecommendCell.m in Sources */ = {isa = PBXBuildFile; fileRef = D3D861472626725100B00CF9 /* WHRecommendCell.m */; };
		D3D8614C2626791200B00CF9 /* WHBasicButton.m in Sources */ = {isa = PBXBuildFile; fileRef = D3D8614B2626791200B00CF9 /* WHBasicButton.m */; };
		D3D8615026271B4700B00CF9 /* WHCourseSectionViewController.m in Sources */ = {isa = PBXBuildFile; fileRef = D3D8614F26271B4700B00CF9 /* WHCourseSectionViewController.m */; };
		D3D8615426271C7500B00CF9 /* WHCoursesViewModel.m in Sources */ = {isa = PBXBuildFile; fileRef = D3D8615326271C7500B00CF9 /* WHCoursesViewModel.m */; };
		D3D8615926271D0400B00CF9 /* WHCourseModel.m in Sources */ = {isa = PBXBuildFile; fileRef = D3D8615826271D0400B00CF9 /* WHCourseModel.m */; };
		D3D8615E262722E000B00CF9 /* WHCoursesCell.m in Sources */ = {isa = PBXBuildFile; fileRef = D3D8615D262722E000B00CF9 /* WHCoursesCell.m */; };
		D3D861DD2627250000B00CF9 /* XLCardCell.m in Sources */ = {isa = PBXBuildFile; fileRef = D3D861D52627250000B00CF9 /* XLCardCell.m */; };
		D3D861DE2627250000B00CF9 /* XLCardSwitch.m in Sources */ = {isa = PBXBuildFile; fileRef = D3D861D72627250000B00CF9 /* XLCardSwitch.m */; };
		D3D861DF2627250000B00CF9 /* XLCardModel.m in Sources */ = {isa = PBXBuildFile; fileRef = D3D861DB2627250000B00CF9 /* XLCardModel.m */; };
		D3D861E02627250000B00CF9 /* XLCardSwitchFlowLayout.m in Sources */ = {isa = PBXBuildFile; fileRef = D3D861DC2627250000B00CF9 /* XLCardSwitchFlowLayout.m */; };
		D3D861EB26274B6000B00CF9 /* WHFullBasicButton.m in Sources */ = {isa = PBXBuildFile; fileRef = D3D861EA26274B6000B00CF9 /* WHFullBasicButton.m */; };
/* End PBXBuildFile section */

/* Begin PBXFileReference section */
		37E5A824B91BEDD1999F1808 /* Pods-易书.release.xcconfig */ = {isa = PBXFileReference; includeInIndex = 1; lastKnownFileType = text.xcconfig; name = "Pods-易书.release.xcconfig"; path = "Target Support Files/Pods-易书/Pods-易书.release.xcconfig"; sourceTree = "<group>"; };
		821358C87B861FC15CDDD7BD /* Pods-writeHelper.release.xcconfig */ = {isa = PBXFileReference; includeInIndex = 1; lastKnownFileType = text.xcconfig; name = "Pods-writeHelper.release.xcconfig"; path = "Target Support Files/Pods-writeHelper/Pods-writeHelper.release.xcconfig"; sourceTree = "<group>"; };
		AFF190D27F167E4B4124DABB /* Pods-writeHelper.debug.xcconfig */ = {isa = PBXFileReference; includeInIndex = 1; lastKnownFileType = text.xcconfig; name = "Pods-writeHelper.debug.xcconfig"; path = "Target Support Files/Pods-writeHelper/Pods-writeHelper.debug.xcconfig"; sourceTree = "<group>"; };
		D308754D262A98D8007D13B6 /* WHCourseViewController.h */ = {isa = PBXFileReference; lastKnownFileType = sourcecode.c.h; path = WHCourseViewController.h; sourceTree = "<group>"; };
		D308754E262A98D8007D13B6 /* WHCourseViewController.m */ = {isa = PBXFileReference; lastKnownFileType = sourcecode.c.objc; path = WHCourseViewController.m; sourceTree = "<group>"; };
		D35E28282612A94A006E6455 /* 易书.app */ = {isa = PBXFileReference; explicitFileType = wrapper.application; includeInIndex = 0; path = "易书.app"; sourceTree = BUILT_PRODUCTS_DIR; };
		D35E282B2612A94A006E6455 /* AppDelegate.h */ = {isa = PBXFileReference; lastKnownFileType = sourcecode.c.h; path = AppDelegate.h; sourceTree = "<group>"; };
		D35E282C2612A94A006E6455 /* AppDelegate.m */ = {isa = PBXFileReference; lastKnownFileType = sourcecode.c.objc; path = AppDelegate.m; sourceTree = "<group>"; };
		D35E28372612A94C006E6455 /* Assets.xcassets */ = {isa = PBXFileReference; lastKnownFileType = folder.assetcatalog; path = Assets.xcassets; sourceTree = "<group>"; };
		D35E283C2612A94C006E6455 /* Info.plist */ = {isa = PBXFileReference; lastKnownFileType = text.plist.xml; path = Info.plist; sourceTree = "<group>"; };
		D35E283D2612A94C006E6455 /* main.m */ = {isa = PBXFileReference; lastKnownFileType = sourcecode.c.objc; path = main.m; sourceTree = "<group>"; };
		D38FFCCA26161420004DCA90 /* LaunchScreen.storyboard */ = {isa = PBXFileReference; fileEncoding = 4; lastKnownFileType = file.storyboard; path = LaunchScreen.storyboard; sourceTree = "<group>"; };
		D38FFCD0261617F7004DCA90 /* WHTabBarController.h */ = {isa = PBXFileReference; lastKnownFileType = sourcecode.c.h; path = WHTabBarController.h; sourceTree = "<group>"; };
		D38FFCD1261617F7004DCA90 /* WHTabBarController.m */ = {isa = PBXFileReference; lastKnownFileType = sourcecode.c.objc; path = WHTabBarController.m; sourceTree = "<group>"; };
		D38FFCD826162F16004DCA90 /* WHNavigationController.h */ = {isa = PBXFileReference; lastKnownFileType = sourcecode.c.h; path = WHNavigationController.h; sourceTree = "<group>"; };
		D38FFCD926162F16004DCA90 /* WHNavigationController.m */ = {isa = PBXFileReference; lastKnownFileType = sourcecode.c.objc; path = WHNavigationController.m; sourceTree = "<group>"; };
		D38FFCE12616307F004DCA90 /* WHHomeViewController.h */ = {isa = PBXFileReference; lastKnownFileType = sourcecode.c.h; path = WHHomeViewController.h; sourceTree = "<group>"; };
		D38FFCE22616307F004DCA90 /* WHHomeViewController.m */ = {isa = PBXFileReference; lastKnownFileType = sourcecode.c.objc; path = WHHomeViewController.m; sourceTree = "<group>"; };
		D38FFCEA2616C347004DCA90 /* WHMoreGuideSectionViewController.h */ = {isa = PBXFileReference; lastKnownFileType = sourcecode.c.h; path = WHMoreGuideSectionViewController.h; sourceTree = "<group>"; };
		D38FFCEB2616C347004DCA90 /* WHMoreGuideSectionViewController.m */ = {isa = PBXFileReference; lastKnownFileType = sourcecode.c.objc; path = WHMoreGuideSectionViewController.m; sourceTree = "<group>"; };
		D38FFCF02616C79C004DCA90 /* WHHomeViewModel.h */ = {isa = PBXFileReference; lastKnownFileType = sourcecode.c.h; path = WHHomeViewModel.h; sourceTree = "<group>"; };
		D38FFCF12616C79C004DCA90 /* WHHomeViewModel.m */ = {isa = PBXFileReference; lastKnownFileType = sourcecode.c.objc; path = WHHomeViewModel.m; sourceTree = "<group>"; };
		D38FFCF42616C970004DCA90 /* WHMoreGuideViewModel.h */ = {isa = PBXFileReference; lastKnownFileType = sourcecode.c.h; path = WHMoreGuideViewModel.h; sourceTree = "<group>"; };
		D38FFCF52616C970004DCA90 /* WHMoreGuideViewModel.m */ = {isa = PBXFileReference; lastKnownFileType = sourcecode.c.objc; path = WHMoreGuideViewModel.m; sourceTree = "<group>"; };
		D38FFCFC2616CE78004DCA90 /* WHMoreGuideCell.h */ = {isa = PBXFileReference; lastKnownFileType = sourcecode.c.h; path = WHMoreGuideCell.h; sourceTree = "<group>"; };
		D38FFCFD2616CE78004DCA90 /* WHMoreGuideCell.m */ = {isa = PBXFileReference; lastKnownFileType = sourcecode.c.objc; path = WHMoreGuideCell.m; sourceTree = "<group>"; };
		D38FFD012616EDEB004DCA90 /* WHCVTestViewController.h */ = {isa = PBXFileReference; lastKnownFileType = sourcecode.c.h; path = WHCVTestViewController.h; sourceTree = "<group>"; };
		D38FFD022616EDEB004DCA90 /* WHCVTestViewController.m */ = {isa = PBXFileReference; lastKnownFileType = sourcecode.c.objc; path = WHCVTestViewController.m; sourceTree = "<group>"; };
		D38FFD0A261713C6004DCA90 /* WHSquarePreviewView.h */ = {isa = PBXFileReference; lastKnownFileType = sourcecode.c.h; path = WHSquarePreviewView.h; sourceTree = "<group>"; };
		D38FFD0B261713C6004DCA90 /* WHSquarePreviewView.m */ = {isa = PBXFileReference; lastKnownFileType = sourcecode.c.objc; path = WHSquarePreviewView.m; sourceTree = "<group>"; };
		D38FFD102617219E004DCA90 /* WHLongItemButton.h */ = {isa = PBXFileReference; lastKnownFileType = sourcecode.c.h; path = WHLongItemButton.h; sourceTree = "<group>"; };
		D38FFD112617219E004DCA90 /* WHLongItemButton.m */ = {isa = PBXFileReference; lastKnownFileType = sourcecode.c.objc; path = WHLongItemButton.m; sourceTree = "<group>"; };
		D3C69BF8261C6DB9007AFA3E /* WHColorDefine.h */ = {isa = PBXFileReference; fileEncoding = 4; lastKnownFileType = sourcecode.c.h; path = WHColorDefine.h; sourceTree = "<group>"; };
		D3C69BFF261C6E50007AFA3E /* WHImageProcess.h */ = {isa = PBXFileReference; lastKnownFileType = sourcecode.c.h; path = WHImageProcess.h; sourceTree = "<group>"; };
		D3C69C00261C6E50007AFA3E /* WHImageProcess.mm */ = {isa = PBXFileReference; lastKnownFileType = sourcecode.cpp.objcpp; path = WHImageProcess.mm; sourceTree = "<group>"; };
		D3D180A726230503008BF57D /* WHSearchSectionViewController.h */ = {isa = PBXFileReference; lastKnownFileType = sourcecode.c.h; path = WHSearchSectionViewController.h; sourceTree = "<group>"; };
		D3D180A826230503008BF57D /* WHSearchSectionViewController.m */ = {isa = PBXFileReference; lastKnownFileType = sourcecode.c.objc; path = WHSearchSectionViewController.m; sourceTree = "<group>"; };
		D3D180AB26230566008BF57D /* WHSearchViewModel.h */ = {isa = PBXFileReference; lastKnownFileType = sourcecode.c.h; path = WHSearchViewModel.h; sourceTree = "<group>"; };
		D3D180AC26230566008BF57D /* WHSearchViewModel.m */ = {isa = PBXFileReference; lastKnownFileType = sourcecode.c.objc; path = WHSearchViewModel.m; sourceTree = "<group>"; };
		D3D180AF2623073B008BF57D /* WHSearchCell.h */ = {isa = PBXFileReference; lastKnownFileType = sourcecode.c.h; path = WHSearchCell.h; sourceTree = "<group>"; };
		D3D180B02623073B008BF57D /* WHSearchCell.m */ = {isa = PBXFileReference; lastKnownFileType = sourcecode.c.objc; path = WHSearchCell.m; sourceTree = "<group>"; };
		D3D180B3262323E7008BF57D /* WHDashBoardVIewModel.h */ = {isa = PBXFileReference; lastKnownFileType = sourcecode.c.h; path = WHDashBoardVIewModel.h; sourceTree = "<group>"; };
		D3D180B4262323E7008BF57D /* WHDashBoardVIewModel.m */ = {isa = PBXFileReference; lastKnownFileType = sourcecode.c.objc; path = WHDashBoardVIewModel.m; sourceTree = "<group>"; };
		D3D180B7262325BC008BF57D /* WHDashBoardSectionViewController.h */ = {isa = PBXFileReference; lastKnownFileType = sourcecode.c.h; path = WHDashBoardSectionViewController.h; sourceTree = "<group>"; };
		D3D180B8262325BC008BF57D /* WHDashBoardSectionViewController.m */ = {isa = PBXFileReference; lastKnownFileType = sourcecode.c.objc; path = WHDashBoardSectionViewController.m; sourceTree = "<group>"; };
		D3D180BB262325F7008BF57D /* WHDashBoardCell.h */ = {isa = PBXFileReference; lastKnownFileType = sourcecode.c.h; path = WHDashBoardCell.h; sourceTree = "<group>"; };
		D3D180BC262325F7008BF57D /* WHDashBoardCell.m */ = {isa = PBXFileReference; lastKnownFileType = sourcecode.c.objc; path = WHDashBoardCell.m; sourceTree = "<group>"; };
		D3D8613A26266B5B00B00CF9 /* WHRecommendBar.h */ = {isa = PBXFileReference; lastKnownFileType = sourcecode.c.h; path = WHRecommendBar.h; sourceTree = "<group>"; };
		D3D8613B26266B5B00B00CF9 /* WHRecommendBar.m */ = {isa = PBXFileReference; lastKnownFileType = sourcecode.c.objc; path = WHRecommendBar.m; sourceTree = "<group>"; };
		D3D8613E2626704C00B00CF9 /* WHRecommendViewModel.h */ = {isa = PBXFileReference; lastKnownFileType = sourcecode.c.h; path = WHRecommendViewModel.h; sourceTree = "<group>"; };
		D3D8613F2626704C00B00CF9 /* WHRecommendViewModel.m */ = {isa = PBXFileReference; lastKnownFileType = sourcecode.c.objc; path = WHRecommendViewModel.m; sourceTree = "<group>"; };
		D3D86142262671A900B00CF9 /* WHRecommendSectionViewController.h */ = {isa = PBXFileReference; lastKnownFileType = sourcecode.c.h; path = WHRecommendSectionViewController.h; sourceTree = "<group>"; };
		D3D86143262671A900B00CF9 /* WHRecommendSectionViewController.m */ = {isa = PBXFileReference; lastKnownFileType = sourcecode.c.objc; path = WHRecommendSectionViewController.m; sourceTree = "<group>"; };
		D3D861462626725100B00CF9 /* WHRecommendCell.h */ = {isa = PBXFileReference; lastKnownFileType = sourcecode.c.h; path = WHRecommendCell.h; sourceTree = "<group>"; };
		D3D861472626725100B00CF9 /* WHRecommendCell.m */ = {isa = PBXFileReference; lastKnownFileType = sourcecode.c.objc; path = WHRecommendCell.m; sourceTree = "<group>"; };
		D3D8614A2626791200B00CF9 /* WHBasicButton.h */ = {isa = PBXFileReference; lastKnownFileType = sourcecode.c.h; path = WHBasicButton.h; sourceTree = "<group>"; };
		D3D8614B2626791200B00CF9 /* WHBasicButton.m */ = {isa = PBXFileReference; lastKnownFileType = sourcecode.c.objc; path = WHBasicButton.m; sourceTree = "<group>"; };
		D3D8614E26271B4700B00CF9 /* WHCourseSectionViewController.h */ = {isa = PBXFileReference; lastKnownFileType = sourcecode.c.h; path = WHCourseSectionViewController.h; sourceTree = "<group>"; };
		D3D8614F26271B4700B00CF9 /* WHCourseSectionViewController.m */ = {isa = PBXFileReference; lastKnownFileType = sourcecode.c.objc; path = WHCourseSectionViewController.m; sourceTree = "<group>"; };
		D3D8615226271C7500B00CF9 /* WHCoursesViewModel.h */ = {isa = PBXFileReference; lastKnownFileType = sourcecode.c.h; path = WHCoursesViewModel.h; sourceTree = "<group>"; };
		D3D8615326271C7500B00CF9 /* WHCoursesViewModel.m */ = {isa = PBXFileReference; lastKnownFileType = sourcecode.c.objc; path = WHCoursesViewModel.m; sourceTree = "<group>"; };
		D3D8615726271D0400B00CF9 /* WHCourseModel.h */ = {isa = PBXFileReference; lastKnownFileType = sourcecode.c.h; path = WHCourseModel.h; sourceTree = "<group>"; };
		D3D8615826271D0400B00CF9 /* WHCourseModel.m */ = {isa = PBXFileReference; lastKnownFileType = sourcecode.c.objc; path = WHCourseModel.m; sourceTree = "<group>"; };
		D3D8615C262722E000B00CF9 /* WHCoursesCell.h */ = {isa = PBXFileReference; lastKnownFileType = sourcecode.c.h; path = WHCoursesCell.h; sourceTree = "<group>"; };
		D3D8615D262722E000B00CF9 /* WHCoursesCell.m */ = {isa = PBXFileReference; lastKnownFileType = sourcecode.c.objc; path = WHCoursesCell.m; sourceTree = "<group>"; };
		D3D861D52627250000B00CF9 /* XLCardCell.m */ = {isa = PBXFileReference; fileEncoding = 4; lastKnownFileType = sourcecode.c.objc; path = XLCardCell.m; sourceTree = "<group>"; };
		D3D861D62627250000B00CF9 /* XLCardModel.h */ = {isa = PBXFileReference; fileEncoding = 4; lastKnownFileType = sourcecode.c.h; path = XLCardModel.h; sourceTree = "<group>"; };
		D3D861D72627250000B00CF9 /* XLCardSwitch.m */ = {isa = PBXFileReference; fileEncoding = 4; lastKnownFileType = sourcecode.c.objc; path = XLCardSwitch.m; sourceTree = "<group>"; };
		D3D861D82627250000B00CF9 /* XLCardSwitchFlowLayout.h */ = {isa = PBXFileReference; fileEncoding = 4; lastKnownFileType = sourcecode.c.h; path = XLCardSwitchFlowLayout.h; sourceTree = "<group>"; };
		D3D861D92627250000B00CF9 /* XLCardCell.h */ = {isa = PBXFileReference; fileEncoding = 4; lastKnownFileType = sourcecode.c.h; path = XLCardCell.h; sourceTree = "<group>"; };
		D3D861DA2627250000B00CF9 /* XLCardSwitch.h */ = {isa = PBXFileReference; fileEncoding = 4; lastKnownFileType = sourcecode.c.h; path = XLCardSwitch.h; sourceTree = "<group>"; };
		D3D861DB2627250000B00CF9 /* XLCardModel.m */ = {isa = PBXFileReference; fileEncoding = 4; lastKnownFileType = sourcecode.c.objc; path = XLCardModel.m; sourceTree = "<group>"; };
		D3D861DC2627250000B00CF9 /* XLCardSwitchFlowLayout.m */ = {isa = PBXFileReference; fileEncoding = 4; lastKnownFileType = sourcecode.c.objc; path = XLCardSwitchFlowLayout.m; sourceTree = "<group>"; };
		D3D861E926274B6000B00CF9 /* WHFullBasicButton.h */ = {isa = PBXFileReference; lastKnownFileType = sourcecode.c.h; path = WHFullBasicButton.h; sourceTree = "<group>"; };
		D3D861EA26274B6000B00CF9 /* WHFullBasicButton.m */ = {isa = PBXFileReference; lastKnownFileType = sourcecode.c.objc; path = WHFullBasicButton.m; sourceTree = "<group>"; };
		E80EAC15C3F911CBD53BC1E0 /* Pods___.framework */ = {isa = PBXFileReference; explicitFileType = wrapper.framework; includeInIndex = 0; path = "Pods___.framework"; sourceTree = BUILT_PRODUCTS_DIR; };
		F802D401D9C65DFE4A0F1018 /* Pods-易书.debug.xcconfig */ = {isa = PBXFileReference; includeInIndex = 1; lastKnownFileType = text.xcconfig; name = "Pods-易书.debug.xcconfig"; path = "Target Support Files/Pods-易书/Pods-易书.debug.xcconfig"; sourceTree = "<group>"; };
/* End PBXFileReference section */

/* Begin PBXFrameworksBuildPhase section */
		D35E28252612A94A006E6455 /* Frameworks */ = {
			isa = PBXFrameworksBuildPhase;
			buildActionMask = 2147483647;
			files = (
			);
			runOnlyForDeploymentPostprocessing = 0;
		};
/* End PBXFrameworksBuildPhase section */

/* Begin PBXGroup section */
		569CD4D555F1A55B405C4B34 /* Frameworks */ = {
			isa = PBXGroup;
			children = (
				E80EAC15C3F911CBD53BC1E0 /* Pods___.framework */,
			);
			name = Frameworks;
			sourceTree = "<group>";
		};
		D28AF65B9C35D6013382DC9B /* Pods */ = {
			isa = PBXGroup;
			children = (
				AFF190D27F167E4B4124DABB /* Pods-writeHelper.debug.xcconfig */,
				821358C87B861FC15CDDD7BD /* Pods-writeHelper.release.xcconfig */,
				F802D401D9C65DFE4A0F1018 /* Pods-易书.debug.xcconfig */,
				37E5A824B91BEDD1999F1808 /* Pods-易书.release.xcconfig */,
			);
			path = Pods;
			sourceTree = "<group>";
		};
		D35E281F2612A94A006E6455 = {
			isa = PBXGroup;
			children = (
				D35E282A2612A94A006E6455 /* writeHelper */,
				D28AF65B9C35D6013382DC9B /* Pods */,
				569CD4D555F1A55B405C4B34 /* Frameworks */,
			);
			sourceTree = "<group>";
		};
		D35E28292612A94A006E6455 /* Products */ = {
			isa = PBXGroup;
			children = (
				D35E28282612A94A006E6455 /* 易书.app */,
			);
			name = Products;
			path = ..;
			sourceTree = "<group>";
		};
		D35E282A2612A94A006E6455 /* writeHelper */ = {
			isa = PBXGroup;
			children = (
				D35E283D2612A94C006E6455 /* main.m */,
				D35E282B2612A94A006E6455 /* AppDelegate.h */,
				D35E282C2612A94A006E6455 /* AppDelegate.m */,
				D35E28372612A94C006E6455 /* Assets.xcassets */,
				D35E283C2612A94C006E6455 /* Info.plist */,
				D38FFCCA26161420004DCA90 /* LaunchScreen.storyboard */,
				D3D861D42627250000B00CF9 /* XLCardSwitch */,
				D38FFCD52616235B004DCA90 /* WHUtility */,
				D38FFD0E261718EB004DCA90 /* WHCustomView */,
				D38FFCDE26163014004DCA90 /* WHHomeComponent */,
				D38FFCCF26161774004DCA90 /* WHStructComponent */,
				D35E28292612A94A006E6455 /* Products */,
			);
			path = writeHelper;
			sourceTree = "<group>";
		};
		D38FFCCF26161774004DCA90 /* WHStructComponent */ = {
			isa = PBXGroup;
			children = (
				D38FFCD0261617F7004DCA90 /* WHTabBarController.h */,
				D38FFCD1261617F7004DCA90 /* WHTabBarController.m */,
				D38FFCD826162F16004DCA90 /* WHNavigationController.h */,
				D38FFCD926162F16004DCA90 /* WHNavigationController.m */,
			);
			path = WHStructComponent;
			sourceTree = "<group>";
		};
		D38FFCD52616235B004DCA90 /* WHUtility */ = {
			isa = PBXGroup;
			children = (
				D3C69BF8261C6DB9007AFA3E /* WHColorDefine.h */,
				D3C69BFF261C6E50007AFA3E /* WHImageProcess.h */,
				D3C69C00261C6E50007AFA3E /* WHImageProcess.mm */,
			);
			path = WHUtility;
			sourceTree = "<group>";
		};
		D38FFCDE26163014004DCA90 /* WHHomeComponent */ = {
			isa = PBXGroup;
			children = (
				D3D8615626271CE100B00CF9 /* Model */,
				D38FFCFB2616CD96004DCA90 /* View */,
				D38FFCEF2616C711004DCA90 /* ViewModel */,
				D38FFCE92616C239004DCA90 /* SectionViewController */,
				D38FFCE026163056004DCA90 /* ViewController */,
			);
			path = WHHomeComponent;
			sourceTree = "<group>";
		};
		D38FFCE026163056004DCA90 /* ViewController */ = {
			isa = PBXGroup;
			children = (
				D38FFCE12616307F004DCA90 /* WHHomeViewController.h */,
				D38FFCE22616307F004DCA90 /* WHHomeViewController.m */,
				D38FFD012616EDEB004DCA90 /* WHCVTestViewController.h */,
				D38FFD022616EDEB004DCA90 /* WHCVTestViewController.m */,
				D308754D262A98D8007D13B6 /* WHCourseViewController.h */,
				D308754E262A98D8007D13B6 /* WHCourseViewController.m */,
			);
			path = ViewController;
			sourceTree = "<group>";
		};
		D38FFCE92616C239004DCA90 /* SectionViewController */ = {
			isa = PBXGroup;
			children = (
				D38FFCEA2616C347004DCA90 /* WHMoreGuideSectionViewController.h */,
				D38FFCEB2616C347004DCA90 /* WHMoreGuideSectionViewController.m */,
				D3D180A726230503008BF57D /* WHSearchSectionViewController.h */,
				D3D180A826230503008BF57D /* WHSearchSectionViewController.m */,
				D3D180B7262325BC008BF57D /* WHDashBoardSectionViewController.h */,
				D3D180B8262325BC008BF57D /* WHDashBoardSectionViewController.m */,
				D3D86142262671A900B00CF9 /* WHRecommendSectionViewController.h */,
				D3D86143262671A900B00CF9 /* WHRecommendSectionViewController.m */,
				D3D8614E26271B4700B00CF9 /* WHCourseSectionViewController.h */,
				D3D8614F26271B4700B00CF9 /* WHCourseSectionViewController.m */,
			);
			path = SectionViewController;
			sourceTree = "<group>";
		};
		D38FFCEF2616C711004DCA90 /* ViewModel */ = {
			isa = PBXGroup;
			children = (
				D38FFCF02616C79C004DCA90 /* WHHomeViewModel.h */,
				D38FFCF12616C79C004DCA90 /* WHHomeViewModel.m */,
				D38FFCF42616C970004DCA90 /* WHMoreGuideViewModel.h */,
				D38FFCF52616C970004DCA90 /* WHMoreGuideViewModel.m */,
				D3D180AB26230566008BF57D /* WHSearchViewModel.h */,
				D3D180AC26230566008BF57D /* WHSearchViewModel.m */,
				D3D180B3262323E7008BF57D /* WHDashBoardVIewModel.h */,
				D3D180B4262323E7008BF57D /* WHDashBoardVIewModel.m */,
				D3D8613E2626704C00B00CF9 /* WHRecommendViewModel.h */,
				D3D8613F2626704C00B00CF9 /* WHRecommendViewModel.m */,
				D3D8615226271C7500B00CF9 /* WHCoursesViewModel.h */,
				D3D8615326271C7500B00CF9 /* WHCoursesViewModel.m */,
			);
			path = ViewModel;
			sourceTree = "<group>";
		};
		D38FFCFB2616CD96004DCA90 /* View */ = {
			isa = PBXGroup;
			children = (
				D38FFCFC2616CE78004DCA90 /* WHMoreGuideCell.h */,
				D38FFCFD2616CE78004DCA90 /* WHMoreGuideCell.m */,
				D3D180AF2623073B008BF57D /* WHSearchCell.h */,
				D3D180B02623073B008BF57D /* WHSearchCell.m */,
				D3D180BB262325F7008BF57D /* WHDashBoardCell.h */,
				D3D180BC262325F7008BF57D /* WHDashBoardCell.m */,
				D3D861462626725100B00CF9 /* WHRecommendCell.h */,
				D3D861472626725100B00CF9 /* WHRecommendCell.m */,
				D3D8615C262722E000B00CF9 /* WHCoursesCell.h */,
				D3D8615D262722E000B00CF9 /* WHCoursesCell.m */,
			);
			path = View;
			sourceTree = "<group>";
		};
		D38FFD0E261718EB004DCA90 /* WHCustomView */ = {
			isa = PBXGroup;
			children = (
				D38FFD0A261713C6004DCA90 /* WHSquarePreviewView.h */,
				D38FFD0B261713C6004DCA90 /* WHSquarePreviewView.m */,
				D38FFD102617219E004DCA90 /* WHLongItemButton.h */,
				D38FFD112617219E004DCA90 /* WHLongItemButton.m */,
				D3D8613A26266B5B00B00CF9 /* WHRecommendBar.h */,
				D3D8613B26266B5B00B00CF9 /* WHRecommendBar.m */,
				D3D8614A2626791200B00CF9 /* WHBasicButton.h */,
				D3D8614B2626791200B00CF9 /* WHBasicButton.m */,
				D3D861E926274B6000B00CF9 /* WHFullBasicButton.h */,
				D3D861EA26274B6000B00CF9 /* WHFullBasicButton.m */,
			);
			path = WHCustomView;
			sourceTree = "<group>";
		};
		D3D8615626271CE100B00CF9 /* Model */ = {
			isa = PBXGroup;
			children = (
				D3D8615726271D0400B00CF9 /* WHCourseModel.h */,
				D3D8615826271D0400B00CF9 /* WHCourseModel.m */,
			);
			path = Model;
			sourceTree = "<group>";
		};
		D3D861D42627250000B00CF9 /* XLCardSwitch */ = {
			isa = PBXGroup;
			children = (
				D3D861D92627250000B00CF9 /* XLCardCell.h */,
				D3D861D52627250000B00CF9 /* XLCardCell.m */,
				D3D861D62627250000B00CF9 /* XLCardModel.h */,
				D3D861DB2627250000B00CF9 /* XLCardModel.m */,
				D3D861D72627250000B00CF9 /* XLCardSwitch.m */,
				D3D861DA2627250000B00CF9 /* XLCardSwitch.h */,
				D3D861D82627250000B00CF9 /* XLCardSwitchFlowLayout.h */,
				D3D861DC2627250000B00CF9 /* XLCardSwitchFlowLayout.m */,
			);
			name = XLCardSwitch;
			path = writeHelper/XLCardSwitch;
			sourceTree = SOURCE_ROOT;
		};
/* End PBXGroup section */

/* Begin PBXNativeTarget section */
		D35E28272612A94A006E6455 /* 易书 */ = {
			isa = PBXNativeTarget;
			buildConfigurationList = D35E28412612A94C006E6455 /* Build configuration list for PBXNativeTarget "易书" */;
			buildPhases = (
				3D990D58BE57D014F2A0DB40 /* [CP] Check Pods Manifest.lock */,
				D35E28242612A94A006E6455 /* Sources */,
				D35E28252612A94A006E6455 /* Frameworks */,
				D35E28262612A94A006E6455 /* Resources */,
				135C9D78AAFBA457F652E066 /* [CP] Embed Pods Frameworks */,
			);
			buildRules = (
			);
			dependencies = (
			);
			name = "易书";
			productName = writeHelper;
			productReference = D35E28282612A94A006E6455 /* 易书.app */;
			productType = "com.apple.product-type.application";
		};
/* End PBXNativeTarget section */

/* Begin PBXProject section */
		D35E28202612A94A006E6455 /* Project object */ = {
			isa = PBXProject;
			attributes = {
				LastUpgradeCheck = 1240;
				TargetAttributes = {
					D35E28272612A94A006E6455 = {
						CreatedOnToolsVersion = 12.4;
					};
				};
			};
			buildConfigurationList = D35E28232612A94A006E6455 /* Build configuration list for PBXProject "writeHelper" */;
			compatibilityVersion = "Xcode 9.3";
			developmentRegion = en;
			hasScannedForEncodings = 0;
			knownRegions = (
				en,
			);
			mainGroup = D35E281F2612A94A006E6455;
			productRefGroup = D35E28292612A94A006E6455 /* Products */;
			projectDirPath = "";
			projectRoot = "";
			targets = (
				D35E28272612A94A006E6455 /* 易书 */,
			);
		};
/* End PBXProject section */

/* Begin PBXResourcesBuildPhase section */
		D35E28262612A94A006E6455 /* Resources */ = {
			isa = PBXResourcesBuildPhase;
			buildActionMask = 2147483647;
			files = (
				D35E28382612A94C006E6455 /* Assets.xcassets in Resources */,
				D38FFCCB26161420004DCA90 /* LaunchScreen.storyboard in Resources */,
			);
			runOnlyForDeploymentPostprocessing = 0;
		};
/* End PBXResourcesBuildPhase section */

/* Begin PBXShellScriptBuildPhase section */
		135C9D78AAFBA457F652E066 /* [CP] Embed Pods Frameworks */ = {
			isa = PBXShellScriptBuildPhase;
			buildActionMask = 2147483647;
			files = (
			);
			inputFileListPaths = (
				"${PODS_ROOT}/Target Support Files/Pods-易书/Pods-易书-frameworks-${CONFIGURATION}-input-files.xcfilelist",
			);
			name = "[CP] Embed Pods Frameworks";
			outputFileListPaths = (
				"${PODS_ROOT}/Target Support Files/Pods-易书/Pods-易书-frameworks-${CONFIGURATION}-output-files.xcfilelist",
			);
			runOnlyForDeploymentPostprocessing = 0;
			shellPath = /bin/sh;
			shellScript = "\"${PODS_ROOT}/Target Support Files/Pods-易书/Pods-易书-frameworks.sh\"\n";
			showEnvVarsInLog = 0;
		};
		3D990D58BE57D014F2A0DB40 /* [CP] Check Pods Manifest.lock */ = {
			isa = PBXShellScriptBuildPhase;
			buildActionMask = 2147483647;
			files = (
			);
			inputFileListPaths = (
			);
			inputPaths = (
				"${PODS_PODFILE_DIR_PATH}/Podfile.lock",
				"${PODS_ROOT}/Manifest.lock",
			);
			name = "[CP] Check Pods Manifest.lock";
			outputFileListPaths = (
			);
			outputPaths = (
				"$(DERIVED_FILE_DIR)/Pods-易书-checkManifestLockResult.txt",
			);
			runOnlyForDeploymentPostprocessing = 0;
			shellPath = /bin/sh;
			shellScript = "diff \"${PODS_PODFILE_DIR_PATH}/Podfile.lock\" \"${PODS_ROOT}/Manifest.lock\" > /dev/null\nif [ $? != 0 ] ; then\n    # print error to STDERR\n    echo \"error: The sandbox is not in sync with the Podfile.lock. Run 'pod install' or update your CocoaPods installation.\" >&2\n    exit 1\nfi\n# This output is used by Xcode 'outputs' to avoid re-running this script phase.\necho \"SUCCESS\" > \"${SCRIPT_OUTPUT_FILE_0}\"\n";
			showEnvVarsInLog = 0;
		};
/* End PBXShellScriptBuildPhase section */

/* Begin PBXSourcesBuildPhase section */
		D35E28242612A94A006E6455 /* Sources */ = {
			isa = PBXSourcesBuildPhase;
			buildActionMask = 2147483647;
			files = (
				D38FFD0C261713C6004DCA90 /* WHSquarePreviewView.m in Sources */,
				D38FFCD2261617F7004DCA90 /* WHTabBarController.m in Sources */,
				D3D861402626704C00B00CF9 /* WHRecommendViewModel.m in Sources */,
				D3D8615026271B4700B00CF9 /* WHCourseSectionViewController.m in Sources */,
				D35E282D2612A94A006E6455 /* AppDelegate.m in Sources */,
				D3C69C01261C6E50007AFA3E /* WHImageProcess.mm in Sources */,
				D38FFCDA26162F16004DCA90 /* WHNavigationController.m in Sources */,
				D3D8613C26266B5B00B00CF9 /* WHRecommendBar.m in Sources */,
				D3D8614C2626791200B00CF9 /* WHBasicButton.m in Sources */,
				D3D861DF2627250000B00CF9 /* XLCardModel.m in Sources */,
				D38FFCE32616307F004DCA90 /* WHHomeViewController.m in Sources */,
				D38FFD032616EDEB004DCA90 /* WHCVTestViewController.m in Sources */,
				D3D861DE2627250000B00CF9 /* XLCardSwitch.m in Sources */,
				D35E283E2612A94C006E6455 /* main.m in Sources */,
				D38FFD122617219E004DCA90 /* WHLongItemButton.m in Sources */,
				D3D8615E262722E000B00CF9 /* WHCoursesCell.m in Sources */,
				D3D180AD26230566008BF57D /* WHSearchViewModel.m in Sources */,
				D3D861482626725100B00CF9 /* WHRecommendCell.m in Sources */,
				D3D180BD262325F7008BF57D /* WHDashBoardCell.m in Sources */,
				D38FFCFE2616CE78004DCA90 /* WHMoreGuideCell.m in Sources */,
				D3D8615926271D0400B00CF9 /* WHCourseModel.m in Sources */,
				D3D86144262671A900B00CF9 /* WHRecommendSectionViewController.m in Sources */,
				D308754F262A98D8007D13B6 /* WHCourseViewController.m in Sources */,
				D38FFCF62616C970004DCA90 /* WHMoreGuideViewModel.m in Sources */,
				D3D180B9262325BC008BF57D /* WHDashBoardSectionViewController.m in Sources */,
				D3D861EB26274B6000B00CF9 /* WHFullBasicButton.m in Sources */,
				D38FFCF22616C79C004DCA90 /* WHHomeViewModel.m in Sources */,
				D3D861E02627250000B00CF9 /* XLCardSwitchFlowLayout.m in Sources */,
				D38FFCEC2616C347004DCA90 /* WHMoreGuideSectionViewController.m in Sources */,
				D3D8615426271C7500B00CF9 /* WHCoursesViewModel.m in Sources */,
				D3D180B5262323E7008BF57D /* WHDashBoardVIewModel.m in Sources */,
				D3D180B12623073B008BF57D /* WHSearchCell.m in Sources */,
				D3D180A926230503008BF57D /* WHSearchSectionViewController.m in Sources */,
				D3D861DD2627250000B00CF9 /* XLCardCell.m in Sources */,
			);
			runOnlyForDeploymentPostprocessing = 0;
		};
/* End PBXSourcesBuildPhase section */

/* Begin XCBuildConfiguration section */
		D35E283F2612A94C006E6455 /* Debug */ = {
			isa = XCBuildConfiguration;
			buildSettings = {
				ALWAYS_SEARCH_USER_PATHS = NO;
				CLANG_ANALYZER_NONNULL = YES;
				CLANG_ANALYZER_NUMBER_OBJECT_CONVERSION = YES_AGGRESSIVE;
				CLANG_CXX_LANGUAGE_STANDARD = "gnu++14";
				CLANG_CXX_LIBRARY = "libc++";
				CLANG_ENABLE_MODULES = YES;
				CLANG_ENABLE_OBJC_ARC = YES;
				CLANG_ENABLE_OBJC_WEAK = YES;
				CLANG_WARN_BLOCK_CAPTURE_AUTORELEASING = YES;
				CLANG_WARN_BOOL_CONVERSION = YES;
				CLANG_WARN_COMMA = YES;
				CLANG_WARN_CONSTANT_CONVERSION = YES;
				CLANG_WARN_DEPRECATED_OBJC_IMPLEMENTATIONS = YES;
				CLANG_WARN_DIRECT_OBJC_ISA_USAGE = YES_ERROR;
				CLANG_WARN_DOCUMENTATION_COMMENTS = YES;
				CLANG_WARN_EMPTY_BODY = YES;
				CLANG_WARN_ENUM_CONVERSION = YES;
				CLANG_WARN_INFINITE_RECURSION = YES;
				CLANG_WARN_INT_CONVERSION = YES;
				CLANG_WARN_NON_LITERAL_NULL_CONVERSION = YES;
				CLANG_WARN_OBJC_IMPLICIT_RETAIN_SELF = YES;
				CLANG_WARN_OBJC_LITERAL_CONVERSION = YES;
				CLANG_WARN_OBJC_ROOT_CLASS = YES_ERROR;
				CLANG_WARN_QUOTED_INCLUDE_IN_FRAMEWORK_HEADER = YES;
				CLANG_WARN_RANGE_LOOP_ANALYSIS = YES;
				CLANG_WARN_STRICT_PROTOTYPES = YES;
				CLANG_WARN_SUSPICIOUS_MOVE = YES;
				CLANG_WARN_UNGUARDED_AVAILABILITY = YES_AGGRESSIVE;
				CLANG_WARN_UNREACHABLE_CODE = YES;
				CLANG_WARN__DUPLICATE_METHOD_MATCH = YES;
				COPY_PHASE_STRIP = NO;
				DEBUG_INFORMATION_FORMAT = dwarf;
				ENABLE_STRICT_OBJC_MSGSEND = YES;
				ENABLE_TESTABILITY = YES;
				GCC_C_LANGUAGE_STANDARD = gnu11;
				GCC_DYNAMIC_NO_PIC = NO;
				GCC_NO_COMMON_BLOCKS = YES;
				GCC_OPTIMIZATION_LEVEL = 0;
				GCC_PREPROCESSOR_DEFINITIONS = (
					"DEBUG=1",
					"$(inherited)",
				);
				GCC_WARN_64_TO_32_BIT_CONVERSION = YES;
				GCC_WARN_ABOUT_RETURN_TYPE = YES_ERROR;
				GCC_WARN_UNDECLARED_SELECTOR = YES;
				GCC_WARN_UNINITIALIZED_AUTOS = YES_AGGRESSIVE;
				GCC_WARN_UNUSED_FUNCTION = YES;
				GCC_WARN_UNUSED_VARIABLE = YES;
				IPHONEOS_DEPLOYMENT_TARGET = 9.0;
				MTL_ENABLE_DEBUG_INFO = INCLUDE_SOURCE;
				MTL_FAST_MATH = YES;
				ONLY_ACTIVE_ARCH = YES;
				SDKROOT = iphoneos;
			};
			name = Debug;
		};
		D35E28402612A94C006E6455 /* Release */ = {
			isa = XCBuildConfiguration;
			buildSettings = {
				ALWAYS_SEARCH_USER_PATHS = NO;
				CLANG_ANALYZER_NONNULL = YES;
				CLANG_ANALYZER_NUMBER_OBJECT_CONVERSION = YES_AGGRESSIVE;
				CLANG_CXX_LANGUAGE_STANDARD = "gnu++14";
				CLANG_CXX_LIBRARY = "libc++";
				CLANG_ENABLE_MODULES = YES;
				CLANG_ENABLE_OBJC_ARC = YES;
				CLANG_ENABLE_OBJC_WEAK = YES;
				CLANG_WARN_BLOCK_CAPTURE_AUTORELEASING = YES;
				CLANG_WARN_BOOL_CONVERSION = YES;
				CLANG_WARN_COMMA = YES;
				CLANG_WARN_CONSTANT_CONVERSION = YES;
				CLANG_WARN_DEPRECATED_OBJC_IMPLEMENTATIONS = YES;
				CLANG_WARN_DIRECT_OBJC_ISA_USAGE = YES_ERROR;
				CLANG_WARN_DOCUMENTATION_COMMENTS = YES;
				CLANG_WARN_EMPTY_BODY = YES;
				CLANG_WARN_ENUM_CONVERSION = YES;
				CLANG_WARN_INFINITE_RECURSION = YES;
				CLANG_WARN_INT_CONVERSION = YES;
				CLANG_WARN_NON_LITERAL_NULL_CONVERSION = YES;
				CLANG_WARN_OBJC_IMPLICIT_RETAIN_SELF = YES;
				CLANG_WARN_OBJC_LITERAL_CONVERSION = YES;
				CLANG_WARN_OBJC_ROOT_CLASS = YES_ERROR;
				CLANG_WARN_QUOTED_INCLUDE_IN_FRAMEWORK_HEADER = YES;
				CLANG_WARN_RANGE_LOOP_ANALYSIS = YES;
				CLANG_WARN_STRICT_PROTOTYPES = YES;
				CLANG_WARN_SUSPICIOUS_MOVE = YES;
				CLANG_WARN_UNGUARDED_AVAILABILITY = YES_AGGRESSIVE;
				CLANG_WARN_UNREACHABLE_CODE = YES;
				CLANG_WARN__DUPLICATE_METHOD_MATCH = YES;
				COPY_PHASE_STRIP = NO;
				DEBUG_INFORMATION_FORMAT = "dwarf-with-dsym";
				ENABLE_NS_ASSERTIONS = NO;
				ENABLE_STRICT_OBJC_MSGSEND = YES;
				GCC_C_LANGUAGE_STANDARD = gnu11;
				GCC_NO_COMMON_BLOCKS = YES;
				GCC_WARN_64_TO_32_BIT_CONVERSION = YES;
				GCC_WARN_ABOUT_RETURN_TYPE = YES_ERROR;
				GCC_WARN_UNDECLARED_SELECTOR = YES;
				GCC_WARN_UNINITIALIZED_AUTOS = YES_AGGRESSIVE;
				GCC_WARN_UNUSED_FUNCTION = YES;
				GCC_WARN_UNUSED_VARIABLE = YES;
				IPHONEOS_DEPLOYMENT_TARGET = 9.0;
				MTL_ENABLE_DEBUG_INFO = NO;
				MTL_FAST_MATH = YES;
				SDKROOT = iphoneos;
				VALIDATE_PRODUCT = YES;
			};
			name = Release;
		};
		D35E28422612A94C006E6455 /* Debug */ = {
			isa = XCBuildConfiguration;
			baseConfigurationReference = F802D401D9C65DFE4A0F1018 /* Pods-易书.debug.xcconfig */;
			buildSettings = {
				ASSETCATALOG_COMPILER_APPICON_NAME = AppIcon;
				CODE_SIGN_STYLE = Automatic;
				DEVELOPMENT_TEAM = MZ295V9Y55;
				INFOPLIST_FILE = writeHelper/Info.plist;
				IPHONEOS_DEPLOYMENT_TARGET = 9.0;
				LD_RUNPATH_SEARCH_PATHS = (
					"$(inherited)",
					"@executable_path/Frameworks",
				);
				PRODUCT_BUNDLE_IDENTIFIER = chengmin.z.writeHelper;
				PRODUCT_NAME = "$(TARGET_NAME)";
				TARGETED_DEVICE_FAMILY = 1;
			};
			name = Debug;
		};
		D35E28432612A94C006E6455 /* Release */ = {
			isa = XCBuildConfiguration;
			baseConfigurationReference = 37E5A824B91BEDD1999F1808 /* Pods-易书.release.xcconfig */;
			buildSettings = {
				ASSETCATALOG_COMPILER_APPICON_NAME = AppIcon;
				CODE_SIGN_STYLE = Automatic;
				DEVELOPMENT_TEAM = MZ295V9Y55;
				INFOPLIST_FILE = writeHelper/Info.plist;
				IPHONEOS_DEPLOYMENT_TARGET = 9.0;
				LD_RUNPATH_SEARCH_PATHS = (
					"$(inherited)",
					"@executable_path/Frameworks",
				);
				PRODUCT_BUNDLE_IDENTIFIER = chengmin.z.writeHelper;
				PRODUCT_NAME = "$(TARGET_NAME)";
				TARGETED_DEVICE_FAMILY = 1;
			};
			name = Release;
		};
/* End XCBuildConfiguration section */

/* Begin XCConfigurationList section */
		D35E28232612A94A006E6455 /* Build configuration list for PBXProject "writeHelper" */ = {
			isa = XCConfigurationList;
			buildConfigurations = (
				D35E283F2612A94C006E6455 /* Debug */,
				D35E28402612A94C006E6455 /* Release */,
			);
			defaultConfigurationIsVisible = 0;
			defaultConfigurationName = Release;
		};
		D35E28412612A94C006E6455 /* Build configuration list for PBXNativeTarget "易书" */ = {
			isa = XCConfigurationList;
			buildConfigurations = (
				D35E28422612A94C006E6455 /* Debug */,
				D35E28432612A94C006E6455 /* Release */,
			);
			defaultConfigurationIsVisible = 0;
			defaultConfigurationName = Release;
		};
/* End XCConfigurationList section */
	};
	rootObject = D35E28202612A94A006E6455 /* Project object */;
}
